
Microsoft Visual Studio Solution File, Format Version 12.00
# Visual Studio Version 17
VisualStudioVersion = 17.8.34322.80
MinimumVisualStudioVersion = 10.0.40219.1
Project("{FAE04EC0-301F-11D3-BF4B-00C04F79EFBC}") = "TestPdf", "TestPdf\TestPdf.csproj", "{3F0ED9DA-5A58-41E5-B215-D9946FC1E4D6}"
EndProject
Global
	GlobalSection(SolutionConfigurationPlatforms) = preSolution
		Debug|Any CPU = Debug|Any CPU
		Release|Any CPU = Release|Any CPU
	EndGlobalSection
	GlobalSection(ProjectConfigurationPlatforms) = postSolution
		{3F0ED9DA-5A58-41E5-B215-D9946FC1E4D6}.Debug|Any CPU.ActiveCfg = Debug|Any CPU
		{3F0ED9DA-5A58-41E5-B215-D9946FC1E4D6}.Debug|Any CPU.Build.0 = Debug|Any CPU
		{3F0ED9DA-5A58-41E5-B215-D9946FC1E4D6}.Release|Any CPU.ActiveCfg = Release|Any CPU
		{3F0ED9DA-5A58-41E5-B215-D9946FC1E4D6}.Release|Any CPU.Build.0 = Release|Any CPU
	EndGlobalSection
	GlobalSection(SolutionProperties) = preSolution
		HideSolutionNode = FALSE
	EndGlobalSection
	GlobalSection(ExtensibilityGlobals) = postSolution
		SolutionGuid = {F84AC8B5-27E5-46BC-9CE9-CCE28FE05122}
	EndGlobalSection
EndGlobal
